
Microsoft Visual Studio Solution File, Format Version 12.00
# Visual Studio Version 17
VisualStudioVersion = 17.0.31903.59
MinimumVisualStudioVersion = 10.0.40219.1
Project("{FAE04EC0-301F-11D3-BF4B-00C04F79EFBC}") = "InventoryMNG", "InventoryMNG\InventoryMNG.csproj", "{633DFEE0-B166-4111-B107-56AEA3B2EE64}"
EndProject
Project("{FAE04EC0-301F-11D3-BF4B-00C04F79EFBC}") = "InventoryManagement", "..\LOGINPAGE\InventoryManagement\InventoryManagement.csproj", "{F4842C6A-B0A8-4F91-BA2C-6E1E17394ACF}"
EndProject
Global
	GlobalSection(SolutionConfigurationPlatforms) = preSolution
		Debug|Any CPU = Debug|Any CPU
		Release|Any CPU = Release|Any CPU
	EndGlobalSection
	GlobalSection(ProjectConfigurationPlatforms) = postSolution
		{633DFEE0-B166-4111-B107-56AEA3B2EE64}.Debug|Any CPU.ActiveCfg = Debug|Any CPU
		{633DFEE0-B166-4111-B107-56AEA3B2EE64}.Debug|Any CPU.Build.0 = Debug|Any CPU
		{633DFEE0-B166-4111-B107-56AEA3B2EE64}.Release|Any CPU.ActiveCfg = Release|Any CPU
		{633DFEE0-B166-4111-B107-56AEA3B2EE64}.Release|Any CPU.Build.0 = Release|Any CPU
		{F4842C6A-B0A8-4F91-BA2C-6E1E17394ACF}.Debug|Any CPU.ActiveCfg = Debug|Any CPU
		{F4842C6A-B0A8-4F91-BA2C-6E1E17394ACF}.Debug|Any CPU.Build.0 = Debug|Any CPU
		{F4842C6A-B0A8-4F91-BA2C-6E1E17394ACF}.Release|Any CPU.ActiveCfg = Release|Any CPU
		{F4842C6A-B0A8-4F91-BA2C-6E1E17394ACF}.Release|Any CPU.Build.0 = Release|Any CPU
	EndGlobalSection
	GlobalSection(SolutionProperties) = preSolution
		HideSolutionNode = FALSE
	EndGlobalSection
	GlobalSection(ExtensibilityGlobals) = postSolution
		SolutionGuid = {D4FADACA-B318-44BE-BD4E-3E85CF49664C}
	EndGlobalSection
EndGlobal
